
Microsoft Visual Studio Solution File, Format Version 12.00
# Visual Studio Version 17
VisualStudioVersion = 17.6.33829.357
MinimumVisualStudioVersion = 10.0.40219.1
Project("{2150E333-8FDC-42A3-9474-1A3956D46DE8}") = "Application", "Application", "{B84B9B4E-7EA2-4C1D-AF5D-A85834777838}"
EndProject
Project("{2150E333-8FDC-42A3-9474-1A3956D46DE8}") = "Domain", "Domain", "{8D6464F1-E373-49DE-8180-E53F58FEDC0A}"
EndProject
Project("{2150E333-8FDC-42A3-9474-1A3956D46DE8}") = "Infraestructure", "Infraestructure", "{EB512B44-6C57-4AA6-9450-C9CB2E85D026}"
EndProject
Project("{2150E333-8FDC-42A3-9474-1A3956D46DE8}") = "Services", "Services", "{ADEE6B86-CE45-4BE8-945B-4D6284595BDC}"
EndProject
Project("{2150E333-8FDC-42A3-9474-1A3956D46DE8}") = "Utilities", "Utilities", "{C2AF0DDA-5D2E-4B2A-9D6C-4C26A2DE911D}"
EndProject
Project("{FAE04EC0-301F-11D3-BF4B-00C04F79EFBC}") = "CLINICAL.Domain", "src\CLINICAL.Domain\CLINICAL.Domain.csproj", "{B58E39C3-57B1-4336-B9A0-AC0F588BC957}"
EndProject
Project("{FAE04EC0-301F-11D3-BF4B-00C04F79EFBC}") = "CLINICAL.Infraestructure", "src\CLINICAL.Infraestructure\CLINICAL.Infraestructure.csproj", "{20E6D514-6B08-4BFA-8EF6-FADF7D7F5E48}"
EndProject
Project("{FAE04EC0-301F-11D3-BF4B-00C04F79EFBC}") = "CLINICAL.Persistence", "src\CLINICAL.Persistence\CLINICAL.Persistence.csproj", "{2EB195D8-A9C6-4568-AA04-D98B867FC1B3}"
EndProject
Project("{FAE04EC0-301F-11D3-BF4B-00C04F79EFBC}") = "CLINICAL.Application.Dtos", "src\CLINICAL.Application.Dtos\CLINICAL.Application.Dtos.csproj", "{942E4383-BBC6-4CDD-973D-A2FC29AF9DEF}"
EndProject
Project("{FAE04EC0-301F-11D3-BF4B-00C04F79EFBC}") = "CLINICAL.Application.Interface", "src\CLINICAL.Application.Interface\CLINICAL.Application.Interface.csproj", "{1BB59E00-F34D-4925-8604-94E6F70977FA}"
EndProject
Project("{FAE04EC0-301F-11D3-BF4B-00C04F79EFBC}") = "CLINICAL.Application.UseCase", "src\CLINICAL.Application.UseCase\CLINICAL.Application.UseCase.csproj", "{A2EFC155-BE31-4DA5-BBE2-22F72830539A}"
EndProject
Project("{FAE04EC0-301F-11D3-BF4B-00C04F79EFBC}") = "CLINICAL.Api", "src\CLINICAL.Api\CLINICAL.Api.csproj", "{D51672FD-BBCC-4BC7-811D-D892CBCF833F}"
EndProject
Project("{FAE04EC0-301F-11D3-BF4B-00C04F79EFBC}") = "CLINICAL.Utilities", "src\CLINICAL.Utilities\CLINICAL.Utilities.csproj", "{A7A1EA78-2C31-453F-AE4A-62CEE23E235A}"
EndProject
Global
	GlobalSection(SolutionConfigurationPlatforms) = preSolution
		Debug|Any CPU = Debug|Any CPU
		Release|Any CPU = Release|Any CPU
	EndGlobalSection
	GlobalSection(ProjectConfigurationPlatforms) = postSolution
		{B58E39C3-57B1-4336-B9A0-AC0F588BC957}.Debug|Any CPU.ActiveCfg = Debug|Any CPU
		{B58E39C3-57B1-4336-B9A0-AC0F588BC957}.Debug|Any CPU.Build.0 = Debug|Any CPU
		{B58E39C3-57B1-4336-B9A0-AC0F588BC957}.Release|Any CPU.ActiveCfg = Release|Any CPU
		{B58E39C3-57B1-4336-B9A0-AC0F588BC957}.Release|Any CPU.Build.0 = Release|Any CPU
		{20E6D514-6B08-4BFA-8EF6-FADF7D7F5E48}.Debug|Any CPU.ActiveCfg = Debug|Any CPU
		{20E6D514-6B08-4BFA-8EF6-FADF7D7F5E48}.Debug|Any CPU.Build.0 = Debug|Any CPU
		{20E6D514-6B08-4BFA-8EF6-FADF7D7F5E48}.Release|Any CPU.ActiveCfg = Release|Any CPU
		{20E6D514-6B08-4BFA-8EF6-FADF7D7F5E48}.Release|Any CPU.Build.0 = Release|Any CPU
		{2EB195D8-A9C6-4568-AA04-D98B867FC1B3}.Debug|Any CPU.ActiveCfg = Debug|Any CPU
		{2EB195D8-A9C6-4568-AA04-D98B867FC1B3}.Debug|Any CPU.Build.0 = Debug|Any CPU
		{2EB195D8-A9C6-4568-AA04-D98B867FC1B3}.Release|Any CPU.ActiveCfg = Release|Any CPU
		{2EB195D8-A9C6-4568-AA04-D98B867FC1B3}.Release|Any CPU.Build.0 = Release|Any CPU
		{942E4383-BBC6-4CDD-973D-A2FC29AF9DEF}.Debug|Any CPU.ActiveCfg = Debug|Any CPU
		{942E4383-BBC6-4CDD-973D-A2FC29AF9DEF}.Debug|Any CPU.Build.0 = Debug|Any CPU
		{942E4383-BBC6-4CDD-973D-A2FC29AF9DEF}.Release|Any CPU.ActiveCfg = Release|Any CPU
		{942E4383-BBC6-4CDD-973D-A2FC29AF9DEF}.Release|Any CPU.Build.0 = Release|Any CPU
		{1BB59E00-F34D-4925-8604-94E6F70977FA}.Debug|Any CPU.ActiveCfg = Debug|Any CPU
		{1BB59E00-F34D-4925-8604-94E6F70977FA}.Debug|Any CPU.Build.0 = Debug|Any CPU
		{1BB59E00-F34D-4925-8604-94E6F70977FA}.Release|Any CPU.ActiveCfg = Release|Any CPU
		{1BB59E00-F34D-4925-8604-94E6F70977FA}.Release|Any CPU.Build.0 = Release|Any CPU
		{A2EFC155-BE31-4DA5-BBE2-22F72830539A}.Debug|Any CPU.ActiveCfg = Debug|Any CPU
		{A2EFC155-BE31-4DA5-BBE2-22F72830539A}.Debug|Any CPU.Build.0 = Debug|Any CPU
		{A2EFC155-BE31-4DA5-BBE2-22F72830539A}.Release|Any CPU.ActiveCfg = Release|Any CPU
		{A2EFC155-BE31-4DA5-BBE2-22F72830539A}.Release|Any CPU.Build.0 = Release|Any CPU
		{D51672FD-BBCC-4BC7-811D-D892CBCF833F}.Debug|Any CPU.ActiveCfg = Debug|Any CPU
		{D51672FD-BBCC-4BC7-811D-D892CBCF833F}.Debug|Any CPU.Build.0 = Debug|Any CPU
		{D51672FD-BBCC-4BC7-811D-D892CBCF833F}.Release|Any CPU.ActiveCfg = Release|Any CPU
		{D51672FD-BBCC-4BC7-811D-D892CBCF833F}.Release|Any CPU.Build.0 = Release|Any CPU
		{A7A1EA78-2C31-453F-AE4A-62CEE23E235A}.Debug|Any CPU.ActiveCfg = Debug|Any CPU
		{A7A1EA78-2C31-453F-AE4A-62CEE23E235A}.Debug|Any CPU.Build.0 = Debug|Any CPU
		{A7A1EA78-2C31-453F-AE4A-62CEE23E235A}.Release|Any CPU.ActiveCfg = Release|Any CPU
		{A7A1EA78-2C31-453F-AE4A-62CEE23E235A}.Release|Any CPU.Build.0 = Release|Any CPU
	EndGlobalSection
	GlobalSection(SolutionProperties) = preSolution
		HideSolutionNode = FALSE
	EndGlobalSection
	GlobalSection(NestedProjects) = preSolution
		{B58E39C3-57B1-4336-B9A0-AC0F588BC957} = {8D6464F1-E373-49DE-8180-E53F58FEDC0A}
		{20E6D514-6B08-4BFA-8EF6-FADF7D7F5E48} = {EB512B44-6C57-4AA6-9450-C9CB2E85D026}
		{2EB195D8-A9C6-4568-AA04-D98B867FC1B3} = {EB512B44-6C57-4AA6-9450-C9CB2E85D026}
		{942E4383-BBC6-4CDD-973D-A2FC29AF9DEF} = {B84B9B4E-7EA2-4C1D-AF5D-A85834777838}
		{1BB59E00-F34D-4925-8604-94E6F70977FA} = {B84B9B4E-7EA2-4C1D-AF5D-A85834777838}
		{A2EFC155-BE31-4DA5-BBE2-22F72830539A} = {B84B9B4E-7EA2-4C1D-AF5D-A85834777838}
		{D51672FD-BBCC-4BC7-811D-D892CBCF833F} = {ADEE6B86-CE45-4BE8-945B-4D6284595BDC}
		{A7A1EA78-2C31-453F-AE4A-62CEE23E235A} = {C2AF0DDA-5D2E-4B2A-9D6C-4C26A2DE911D}
	EndGlobalSection
	GlobalSection(ExtensibilityGlobals) = postSolution
		SolutionGuid = {EB549E37-DC75-4BD2-A66B-5AF24F23CDF2}
	EndGlobalSection
EndGlobal
